
Microsoft Visual Studio Solution File, Format Version 11.00
# Visual Studio 2010
# SharpDevelop 4.3
Project("{FAE04EC0-301F-11D3-BF4B-00C04F79EFBC}") = "practica 6", "practica 6.csproj", "{A71880DA-E361-41F6-AA68-79F0F4532B36}"
EndProject
Global
	GlobalSection(SolutionConfigurationPlatforms) = preSolution
		Debug|Any CPU = Debug|Any CPU
		Release|Any CPU = Release|Any CPU
	EndGlobalSection
	GlobalSection(ProjectConfigurationPlatforms) = postSolution
		{A71880DA-E361-41F6-AA68-79F0F4532B36}.Debug|Any CPU.Build.0 = Debug|Any CPU
		{A71880DA-E361-41F6-AA68-79F0F4532B36}.Debug|Any CPU.ActiveCfg = Debug|Any CPU
		{A71880DA-E361-41F6-AA68-79F0F4532B36}.Release|Any CPU.Build.0 = Release|Any CPU
		{A71880DA-E361-41F6-AA68-79F0F4532B36}.Release|Any CPU.ActiveCfg = Release|Any CPU
	EndGlobalSection
EndGlobal
